
Microsoft Visual Studio Solution File, Format Version 12.00
# Visual Studio Version 17
VisualStudioVersion = 17.1.32210.238
MinimumVisualStudioVersion = 10.0.40219.1
Project("{FAE04EC0-301F-11D3-BF4B-00C04F79EFBC}") = "AggregationExample", "AggregationExample.csproj", "{BDA042F2-73EF-4D94-81C6-94CA8E999BB9}"
EndProject
Global
	GlobalSection(SolutionConfigurationPlatforms) = preSolution
		Debug|Any CPU = Debug|Any CPU
		Release|Any CPU = Release|Any CPU
	EndGlobalSection
	GlobalSection(ProjectConfigurationPlatforms) = postSolution
		{BDA042F2-73EF-4D94-81C6-94CA8E999BB9}.Debug|Any CPU.ActiveCfg = Debug|Any CPU
		{BDA042F2-73EF-4D94-81C6-94CA8E999BB9}.Debug|Any CPU.Build.0 = Debug|Any CPU
		{BDA042F2-73EF-4D94-81C6-94CA8E999BB9}.Release|Any CPU.ActiveCfg = Release|Any CPU
		{BDA042F2-73EF-4D94-81C6-94CA8E999BB9}.Release|Any CPU.Build.0 = Release|Any CPU
	EndGlobalSection
	GlobalSection(SolutionProperties) = preSolution
		HideSolutionNode = FALSE
	EndGlobalSection
	GlobalSection(ExtensibilityGlobals) = postSolution
		SolutionGuid = {5253E1CF-8DFF-4CC2-AC87-8CB521D77769}
	EndGlobalSection
EndGlobal
