
Microsoft Visual Studio Solution File, Format Version 12.00
# Visual Studio Version 17
VisualStudioVersion = 17.0.32112.339
MinimumVisualStudioVersion = 10.0.40219.1
Project("{FAE04EC0-301F-11D3-BF4B-00C04F79EFBC}") = "ML_example", "ML_example\ML_example.csproj", "{3CF9CB05-D7A8-4609-9D5A-D455C63BA34F}"
EndProject
Global
	GlobalSection(SolutionConfigurationPlatforms) = preSolution
		Debug|Any CPU = Debug|Any CPU
		Release|Any CPU = Release|Any CPU
	EndGlobalSection
	GlobalSection(ProjectConfigurationPlatforms) = postSolution
		{3CF9CB05-D7A8-4609-9D5A-D455C63BA34F}.Debug|Any CPU.ActiveCfg = Debug|Any CPU
		{3CF9CB05-D7A8-4609-9D5A-D455C63BA34F}.Debug|Any CPU.Build.0 = Debug|Any CPU
		{3CF9CB05-D7A8-4609-9D5A-D455C63BA34F}.Release|Any CPU.ActiveCfg = Release|Any CPU
		{3CF9CB05-D7A8-4609-9D5A-D455C63BA34F}.Release|Any CPU.Build.0 = Release|Any CPU
	EndGlobalSection
	GlobalSection(SolutionProperties) = preSolution
		HideSolutionNode = FALSE
	EndGlobalSection
	GlobalSection(ExtensibilityGlobals) = postSolution
		SolutionGuid = {B0D468D7-B139-4317-ADEA-265E091F81C1}
	EndGlobalSection
EndGlobal
